
Microsoft Visual Studio Solution File, Format Version 12.00
# Visual Studio Version 17
VisualStudioVersion = 17.10.35027.167
MinimumVisualStudioVersion = 10.0.40219.1
Project("{FAE04EC0-301F-11D3-BF4B-00C04F79EFBC}") = "kimmilyonerolmakister", "kimmilyonerolmakister\kimmilyonerolmakister.csproj", "{DBE4A1AC-EE6A-4B1A-89BD-EB8018C88563}"
EndProject
Global
	GlobalSection(SolutionConfigurationPlatforms) = preSolution
		Debug|Any CPU = Debug|Any CPU
		Release|Any CPU = Release|Any CPU
	EndGlobalSection
	GlobalSection(ProjectConfigurationPlatforms) = postSolution
		{DBE4A1AC-EE6A-4B1A-89BD-EB8018C88563}.Debug|Any CPU.ActiveCfg = Debug|Any CPU
		{DBE4A1AC-EE6A-4B1A-89BD-EB8018C88563}.Debug|Any CPU.Build.0 = Debug|Any CPU
		{DBE4A1AC-EE6A-4B1A-89BD-EB8018C88563}.Release|Any CPU.ActiveCfg = Release|Any CPU
		{DBE4A1AC-EE6A-4B1A-89BD-EB8018C88563}.Release|Any CPU.Build.0 = Release|Any CPU
	EndGlobalSection
	GlobalSection(SolutionProperties) = preSolution
		HideSolutionNode = FALSE
	EndGlobalSection
	GlobalSection(ExtensibilityGlobals) = postSolution
		SolutionGuid = {80E618A2-5A41-4067-9ACC-6FA4564ABF01}
	EndGlobalSection
EndGlobal
